PODS:
  - Nimble (10.0.0)
  - Quick (2.2.1)
  - waldo-app-sdk (0.1.0)

DEPENDENCIES:
  - Nimble (~> 10.0.0)
  - Quick (~> 2.2.0)
  - waldo-app-sdk (from `../`)

SPEC REPOS:
  trunk:
    - Nimble
    - Quick

EXTERNAL SOURCES:
  waldo-app-sdk:
    :path: "../"

SPEC CHECKSUMS:
  Nimble: 5316ef81a170ce87baf72dd961f22f89a602ff84
  Quick: f5754d69b7013f5864c29aab9ae6f0c79c5bc200
  waldo-app-sdk: 1b8fb3d3d0d287a942e8e7f170bfa803d966c33f

PODFILE CHECKSUM: fbcaaf2bb75519d745a6c0ed108e7da365c0e3cd

COCOAPODS: 1.12.0
